
Microsoft Visual Studio Solution File, Format Version 12.00
# Visual Studio Version 17
VisualStudioVersion = 17.8.34316.72
MinimumVisualStudioVersion = 10.0.40219.1
Project("{9A19103F-16F7-4668-BE54-9A1E7A4F7556}") = "FiableTest", "TestProject1\FiableTest.csproj", "{B48AACD2-A30A-4DAE-B161-A8D9E176B768}"
EndProject
Global
	GlobalSection(SolutionConfigurationPlatforms) = preSolution
		Debug|Any CPU = Debug|Any CPU
		Release|Any CPU = Release|Any CPU
	EndGlobalSection
	GlobalSection(ProjectConfigurationPlatforms) = postSolution
		{B48AACD2-A30A-4DAE-B161-A8D9E176B768}.Debug|Any CPU.ActiveCfg = Debug|Any CPU
		{B48AACD2-A30A-4DAE-B161-A8D9E176B768}.Debug|Any CPU.Build.0 = Debug|Any CPU
		{B48AACD2-A30A-4DAE-B161-A8D9E176B768}.Release|Any CPU.ActiveCfg = Release|Any CPU
		{B48AACD2-A30A-4DAE-B161-A8D9E176B768}.Release|Any CPU.Build.0 = Release|Any CPU
	EndGlobalSection
	GlobalSection(SolutionProperties) = preSolution
		HideSolutionNode = FALSE
	EndGlobalSection
	GlobalSection(ExtensibilityGlobals) = postSolution
		SolutionGuid = {C2D89E4D-230D-4A94-8EC7-975E2D0105A0}
	EndGlobalSection
EndGlobal
